#MicroXplorer Configuration settings - do not modify
ADC1.Channel-0\#ChannelRegularConversion=ADC_CHANNEL_1
ADC1.ClockPrescaler=ADC_CLOCK_ASYNC_DIV2
ADC1.CommonPathInternal=null|null|null|null
ADC1.ContinuousConvMode=ENABLE
ADC1.DMAContinuousRequests=DISABLE
ADC1.EOCSelection=ADC_EOC_SEQ_CONV
ADC1.ExternalTrigConv=ADC_SOFTWARE_START
ADC1.IPParameters=Rank-0\#ChannelRegularConversion,Channel-0\#ChannelRegularConversion,SamplingTime-0\#ChannelRegularConversion,OffsetNumber-0\#ChannelRegularConversion,NbrOfConversionFlag,NbrOfConversion,ContinuousConvMode,DMAContinuousRequests,ExternalTrigConv,EOCSelection,Overrun,master,ClockPrescaler,CommonPathInternal
ADC1.NbrOfConversion=1
ADC1.NbrOfConversionFlag=1
ADC1.OffsetNumber-0\#ChannelRegularConversion=ADC_OFFSET_NONE
ADC1.Overrun=ADC_OVR_DATA_OVERWRITTEN
ADC1.Rank-0\#ChannelRegularConversion=1
ADC1.SamplingTime-0\#ChannelRegularConversion=ADC_SAMPLETIME_640CYCLES_5
ADC1.master=1
CAD.formats=
CAD.pinconfig=
CAD.provider=
Dma.LPUART1_TX.2.Direction=DMA_MEMORY_TO_PERIPH
Dma.LPUART1_TX.2.EventEnable=DISABLE
Dma.LPUART1_TX.2.Instance=DMA1_Channel3
Dma.LPUART1_TX.2.MemDataAlignment=DMA_MDATAALIGN_BYTE
Dma.LPUART1_TX.2.MemInc=DMA_MINC_ENABLE
Dma.LPUART1_TX.2.Mode=DMA_NORMAL
Dma.LPUART1_TX.2.PeriphDataAlignment=DMA_PDATAALIGN_BYTE
Dma.LPUART1_TX.2.PeriphInc=DMA_PINC_DISABLE
Dma.LPUART1_TX.2.Polarity=HAL_DMAMUX_REQ_GEN_RISING
Dma.LPUART1_TX.2.Priority=DMA_PRIORITY_HIGH
Dma.LPUART1_TX.2.RequestNumber=1
Dma.LPUART1_TX.2.RequestParameters=Instance,Direction,PeriphInc,MemInc,PeriphDataAlignment,MemDataAlignment,Mode,Priority,SignalID,Polarity,RequestNumber,SyncSignalID,SyncPolarity,SyncEnable,EventEnable,SyncRequestNumber
Dma.LPUART1_TX.2.SignalID=NONE
Dma.LPUART1_TX.2.SyncEnable=DISABLE
Dma.LPUART1_TX.2.SyncPolarity=HAL_DMAMUX_SYNC_NO_EVENT
Dma.LPUART1_TX.2.SyncRequestNumber=1
Dma.LPUART1_TX.2.SyncSignalID=NONE
Dma.Request0=UCPD1_RX
Dma.Request1=UCPD1_TX
Dma.Request2=LPUART1_TX
Dma.RequestsNb=3
Dma.UCPD1_RX.0.Direction=DMA_PERIPH_TO_MEMORY
Dma.UCPD1_RX.0.EventEnable=DISABLE
Dma.UCPD1_RX.0.Instance=DMA1_Channel1
Dma.UCPD1_RX.0.MemDataAlignment=DMA_MDATAALIGN_BYTE
Dma.UCPD1_RX.0.MemInc=DMA_MINC_ENABLE
Dma.UCPD1_RX.0.Mode=DMA_NORMAL
Dma.UCPD1_RX.0.PeriphDataAlignment=DMA_PDATAALIGN_BYTE
Dma.UCPD1_RX.0.PeriphInc=DMA_PINC_DISABLE
Dma.UCPD1_RX.0.Polarity=HAL_DMAMUX_REQ_GEN_RISING
Dma.UCPD1_RX.0.Priority=DMA_PRIORITY_LOW
Dma.UCPD1_RX.0.RequestNumber=1
Dma.UCPD1_RX.0.RequestParameters=Instance,Direction,PeriphInc,MemInc,PeriphDataAlignment,MemDataAlignment,Mode,Priority,SignalID,Polarity,RequestNumber,SyncSignalID,SyncPolarity,SyncEnable,EventEnable,SyncRequestNumber
Dma.UCPD1_RX.0.SignalID=NONE
Dma.UCPD1_RX.0.SyncEnable=DISABLE
Dma.UCPD1_RX.0.SyncPolarity=HAL_DMAMUX_SYNC_NO_EVENT
Dma.UCPD1_RX.0.SyncRequestNumber=1
Dma.UCPD1_RX.0.SyncSignalID=NONE
Dma.UCPD1_TX.1.Direction=DMA_MEMORY_TO_PERIPH
Dma.UCPD1_TX.1.EventEnable=DISABLE
Dma.UCPD1_TX.1.Instance=DMA1_Channel2
Dma.UCPD1_TX.1.MemDataAlignment=DMA_MDATAALIGN_BYTE
Dma.UCPD1_TX.1.MemInc=DMA_MINC_ENABLE
Dma.UCPD1_TX.1.Mode=DMA_NORMAL
Dma.UCPD1_TX.1.PeriphDataAlignment=DMA_PDATAALIGN_BYTE
Dma.UCPD1_TX.1.PeriphInc=DMA_PINC_DISABLE
Dma.UCPD1_TX.1.Polarity=HAL_DMAMUX_REQ_GEN_RISING
Dma.UCPD1_TX.1.Priority=DMA_PRIORITY_LOW
Dma.UCPD1_TX.1.RequestNumber=1
Dma.UCPD1_TX.1.RequestParameters=Instance,Direction,PeriphInc,MemInc,PeriphDataAlignment,MemDataAlignment,Mode,Priority,SignalID,Polarity,RequestNumber,SyncSignalID,SyncPolarity,SyncEnable,EventEnable,SyncRequestNumber
Dma.UCPD1_TX.1.SignalID=NONE
Dma.UCPD1_TX.1.SyncEnable=DISABLE
Dma.UCPD1_TX.1.SyncPolarity=HAL_DMAMUX_SYNC_NO_EVENT
Dma.UCPD1_TX.1.SyncRequestNumber=1
Dma.UCPD1_TX.1.SyncSignalID=NONE
FREERTOS.FootprintOK=true
FREERTOS.IPParameters=Tasks01,configTOTAL_HEAP_SIZE,configENABLE_FPU,configUSE_COUNTING_SEMAPHORES,configMAX_TASK_NAME_LEN,configMINIMAL_STACK_SIZE,configLIBRARY_LOWEST_INTERRUPT_PRIORITY,configLIBRARY_MAX_SYSCALL_INTERRUPT_PRIORITY,FootprintOK
FREERTOS.Tasks01=defaultTask,0,256,StartDefaultTask,Default,NULL,Dynamic,NULL,NULL
FREERTOS.configENABLE_FPU=0
FREERTOS.configLIBRARY_LOWEST_INTERRUPT_PRIORITY=3
FREERTOS.configLIBRARY_MAX_SYSCALL_INTERRUPT_PRIORITY=3
FREERTOS.configMAX_TASK_NAME_LEN=32
FREERTOS.configMINIMAL_STACK_SIZE=128
FREERTOS.configTOTAL_HEAP_SIZE=8000
FREERTOS.configUSE_COUNTING_SEMAPHORES=1
File.Version=6
GPIO.groupedBy=Group By Peripherals
KeepUserPlacement=false
LPUART1.BaudRate=115200
LPUART1.IPParameters=BaudRate
Mcu.CPN=STM32G431K8T6
Mcu.Family=STM32G4
Mcu.IP0=ADC1
Mcu.IP1=DMA
Mcu.IP2=FREERTOS
Mcu.IP3=LPUART1
Mcu.IP4=NVIC
Mcu.IP5=RCC
Mcu.IP6=SYS
Mcu.IP7=UCPD1
Mcu.IP8=USBPD
Mcu.IPNb=9
Mcu.Name=STM32G431K(6-8-B)Tx
Mcu.Package=LQFP32
Mcu.Pin0=PA0
Mcu.Pin1=PA2
Mcu.Pin10=VP_USBPD_VS_USBPD1
Mcu.Pin11=VP_USBPD_VS_PD3CFG1
Mcu.Pin12=VP_USBPD_VS_usbpd_tim1
Mcu.Pin2=PA3
Mcu.Pin3=PA13
Mcu.Pin4=PA14
Mcu.Pin5=PB4
Mcu.Pin6=PB6
Mcu.Pin7=VP_FREERTOS_VS_CMSIS_V1
Mcu.Pin8=VP_SYS_VS_Systick
Mcu.Pin9=VP_SYS_VS_DBSignals
Mcu.PinsNb=13
Mcu.ThirdPartyNb=0
Mcu.UserConstants=VDDA_APPLI,3300
Mcu.UserName=STM32G431K8Tx
MxCube.Version=6.11.1
MxDb.Version=DB.6.0.111
NVIC.BusFault_IRQn=true\:0\:0\:false\:false\:true\:false\:false\:false\:false
NVIC.DMA1_Channel1_IRQn=true\:3\:0\:false\:false\:true\:true\:false\:true\:true
NVIC.DMA1_Channel2_IRQn=true\:3\:0\:false\:false\:true\:true\:false\:true\:true
NVIC.DMA1_Channel3_IRQn=true\:3\:0\:false\:false\:true\:true\:false\:true\:true
NVIC.DebugMonitor_IRQn=true\:0\:0\:false\:false\:true\:false\:false\:false\:false
NVIC.ForceEnableDMAVector=true
NVIC.HardFault_IRQn=true\:0\:0\:false\:false\:true\:false\:false\:false\:false
NVIC.LPUART1_IRQn=true\:3\:0\:true\:false\:true\:true\:true\:true\:true
NVIC.MemoryManagement_IRQn=true\:0\:0\:false\:false\:true\:false\:false\:false\:false
NVIC.NonMaskableInt_IRQn=true\:0\:0\:false\:false\:true\:false\:false\:false\:false
NVIC.PendSV_IRQn=true\:15\:0\:false\:false\:false\:true\:false\:false\:false
NVIC.PriorityGroup=NVIC_PRIORITYGROUP_4
NVIC.SVCall_IRQn=true\:0\:0\:false\:false\:false\:false\:false\:false\:false
NVIC.SavedPendsvIrqHandlerGenerated=true
NVIC.SavedSvcallIrqHandlerGenerated=true
NVIC.SavedSystickIrqHandlerGenerated=true
NVIC.SysTick_IRQn=true\:15\:0\:false\:false\:true\:true\:false\:true\:false
NVIC.UCPD1_IRQn=true\:3\:0\:true\:false\:true\:true\:true\:false\:true
NVIC.UsageFault_IRQn=true\:0\:0\:false\:false\:true\:false\:false\:false\:false
PA0.Mode=IN1-Single-Ended
PA0.Signal=ADC1_IN1
PA13.Mode=Serial_Wire
PA13.Signal=SYS_JTMS-SWDIO
PA14.Mode=Serial_Wire
PA14.Signal=SYS_JTCK-SWCLK
PA2.GPIOParameters=GPIO_Speed
PA2.GPIO_Speed=GPIO_SPEED_FREQ_MEDIUM
PA2.Locked=true
PA2.Mode=Asynchronous
PA2.Signal=LPUART1_TX
PA3.GPIOParameters=GPIO_Speed
PA3.GPIO_Speed=GPIO_SPEED_FREQ_MEDIUM
PA3.Locked=true
PA3.Mode=Asynchronous
PA3.Signal=LPUART1_RX
PB4.Mode=Sink_AllSignals
PB4.Signal=UCPD1_CC2
PB6.Mode=Sink_AllSignals
PB6.Signal=UCPD1_CC1
PinOutPanel.RotationAngle=0
ProjectManager.AskForMigrate=true
ProjectManager.BackupPrevious=false
ProjectManager.CompilerOptimize=6
ProjectManager.ComputerToolchain=false
ProjectManager.CoupleFile=false
ProjectManager.CustomerFirmwarePackage=
ProjectManager.DefaultFWLocation=true
ProjectManager.DeletePrevious=true
ProjectManager.DeviceId=STM32G431K8Tx
ProjectManager.FirmwarePackage=STM32Cube FW_G4 V1.5.2
ProjectManager.FreePins=false
ProjectManager.HalAssertFull=false
ProjectManager.HeapSize=0x400
ProjectManager.KeepUserCode=true
ProjectManager.LastFirmware=true
ProjectManager.LibraryCopy=0
ProjectManager.MainLocation=Core/Src
ProjectManager.NoMain=false
ProjectManager.PreviousToolchain=
ProjectManager.ProjectBuild=false
ProjectManager.ProjectFileName=pd-dev.ioc
ProjectManager.ProjectName=pd-dev
ProjectManager.ProjectStructure=
ProjectManager.RegisterCallBack=
ProjectManager.StackSize=0x400
ProjectManager.TargetToolchain=Makefile
ProjectManager.ToolChainLocation=
ProjectManager.UAScriptAfterPath=
ProjectManager.UAScriptBeforePath=
ProjectManager.UnderRoot=false
ProjectManager.functionlistsort=1-SystemClock_Config-RCC-false-HAL-false,2-MX_GPIO_Init-GPIO-false-HAL-true,3-MX_DMA_Init-DMA-false-HAL-true,4-MX_UCPD1_Init-UCPD1-false-LL-true,5-MX_USBPD_Init-USBPD-false-HAL-false,6-MX_ADC1_Init-ADC1-false-HAL-true,7-MX_LPUART1_UART_Init-LPUART1-false-LL-true,8-MX_TRACER_EMB_Init-TRACER_EMB-false-HAL-true,9-MX_GUI_INTERFACE_Init-GUI_INTERFACE-false-HAL-true
RCC.ADC12Freq_Value=16000000
RCC.AHBFreq_Value=16000000
RCC.APB1Freq_Value=16000000
RCC.APB1TimFreq_Value=16000000
RCC.APB2Freq_Value=16000000
RCC.APB2TimFreq_Value=16000000
RCC.CRSFreq_Value=48000000
RCC.CortexFreq_Value=16000000
RCC.EXTERNAL_CLOCK_VALUE=12288000
RCC.FCLKCortexFreq_Value=16000000
RCC.FDCANFreq_Value=16000000
RCC.FamilyName=M
RCC.HCLKFreq_Value=16000000
RCC.HSE_VALUE=8000000
RCC.HSI48_VALUE=48000000
RCC.HSI_VALUE=16000000
RCC.I2C1Freq_Value=16000000
RCC.I2C2Freq_Value=16000000
RCC.I2C3Freq_Value=16000000
RCC.I2SFreq_Value=16000000
RCC.IPParameters=ADC12Freq_Value,AHBFreq_Value,APB1Freq_Value,APB1TimFreq_Value,APB2Freq_Value,APB2TimFreq_Value,CRSFreq_Value,CortexFreq_Value,EXTERNAL_CLOCK_VALUE,FCLKCortexFreq_Value,FDCANFreq_Value,FamilyName,HCLKFreq_Value,HSE_VALUE,HSI48_VALUE,HSI_VALUE,I2C1Freq_Value,I2C2Freq_Value,I2C3Freq_Value,I2SFreq_Value,LPTIM1Freq_Value,LPUART1Freq_Value,LSCOPinFreq_Value,LSE_VALUE,LSI_VALUE,MCO1PinFreq_Value,PLLPoutputFreq_Value,PLLQoutputFreq_Value,PLLR,PLLRCLKFreq_Value,PWRFreq_Value,RNGFreq_Value,SAI1Freq_Value,SYSCLKFreq_VALUE,SYSCLKSource,USART1Freq_Value,USART2Freq_Value,USBFreq_Value,VCOInputFreq_Value,VCOOutputFreq_Value
RCC.LPTIM1Freq_Value=16000000
RCC.LPUART1Freq_Value=16000000
RCC.LSCOPinFreq_Value=32000
RCC.LSE_VALUE=32768
RCC.LSI_VALUE=32000
RCC.MCO1PinFreq_Value=16000000
RCC.PLLPoutputFreq_Value=64000000
RCC.PLLQoutputFreq_Value=64000000
RCC.PLLR=RCC_PLLR_DIV8
RCC.PLLRCLKFreq_Value=16000000
RCC.PWRFreq_Value=16000000
RCC.RNGFreq_Value=64000000
RCC.SAI1Freq_Value=16000000
RCC.SYSCLKFreq_VALUE=16000000
RCC.SYSCLKSource=RCC_SYSCLKSOURCE_PLLCLK
RCC.USART1Freq_Value=16000000
RCC.USART2Freq_Value=16000000
RCC.USBFreq_Value=64000000
RCC.VCOInputFreq_Value=16000000
RCC.VCOOutputFreq_Value=128000000
USBPD.CAD_AccesorySupport_P0=USBPD_FALSE
USBPD.IPParameters=USBPD_PORT0_PDO_SNK_NB,CAD_AccesorySupport_P0,USBPD_PDO_FIXED_USBSUSPEND_P0,Is_Alert_Supported_P0,Is_GetStatus_Supported_P0,Is_GetManufacturerInfo_Supported_P0,USBPD_PDO_FIXED_USBCOMM_P0,Is_SrcCapaExt_Supported_P0,Is_GetPPSStatus_Supported_P0,PE_RespondsToDiscovSOP_P0,PE_AttemptsDiscovSOP_P0,PE_CapscounterSupport_P0,PE_VDMSupport_P0,PE_DR_Swap_To_DFP_P0,PE_DR_Swap_To_UFP_P0,PORT0_NB_SINKPDO,USBPD_PORT0_PDO_SNK_FIXED_SET_VOLTAGE_0,PE_SupportedSOPapos_P0,USBPD_PORT0_PDO_SNK_FIXED_SET_OP_CURRENT_0,USBPD_PORT0_PDO_SNK_FIXED_SET_VOLTAGE_1,USBPD_PORT0_PDO_SNK_FIXED_SET_VOLTAGE_2,USBPD_PORT0_PDO_SNK_FIXED_SET_VOLTAGE_3,USBPD_PORT0_PDO_SNK_FIXED_SET_OP_CURRENT_1,USBPD_PORT0_PDO_SNK_FIXED_SET_OP_CURRENT_2,USBPD_PORT0_PDO_SNK_FIXED_SET_OP_CURRENT_3
USBPD.Is_Alert_Supported_P0=USBPD_FALSE
USBPD.Is_GetManufacturerInfo_Supported_P0=USBPD_FALSE
USBPD.Is_GetPPSStatus_Supported_P0=USBPD_FALSE
USBPD.Is_GetStatus_Supported_P0=USBPD_FALSE
USBPD.Is_SrcCapaExt_Supported_P0=USBPD_FALSE
USBPD.PE_AttemptsDiscovSOP_P0=USBPD_FALSE
USBPD.PE_CapscounterSupport_P0=USBPD_FALSE
USBPD.PE_DR_Swap_To_DFP_P0=USBPD_FALSE
USBPD.PE_DR_Swap_To_UFP_P0=USBPD_FALSE
USBPD.PE_RespondsToDiscovSOP_P0=USBPD_FALSE
USBPD.PE_SupportedSOPapos_P0=USBPD_SUPPORTED_SOP_SOP1
USBPD.PE_VDMSupport_P0=USBPD_FALSE
USBPD.PORT0_NB_SINKPDO=4
USBPD.USBPD_PDO_FIXED_USBCOMM_P0=USBPD_PDO_FIXED_USBCOMM_NOT_SUPPORTED
USBPD.USBPD_PDO_FIXED_USBSUSPEND_P0=USBPD_PDO_SRC_FIXED_USBSUSPEND_NOT_SUPPORTED
USBPD.USBPD_PORT0_PDO_SNK_FIXED_SET_OP_CURRENT_0=1500
USBPD.USBPD_PORT0_PDO_SNK_FIXED_SET_OP_CURRENT_1=1500
USBPD.USBPD_PORT0_PDO_SNK_FIXED_SET_OP_CURRENT_2=1500
USBPD.USBPD_PORT0_PDO_SNK_FIXED_SET_OP_CURRENT_3=1500
USBPD.USBPD_PORT0_PDO_SNK_FIXED_SET_VOLTAGE_0=5000
USBPD.USBPD_PORT0_PDO_SNK_FIXED_SET_VOLTAGE_1=9000
USBPD.USBPD_PORT0_PDO_SNK_FIXED_SET_VOLTAGE_2=15000
USBPD.USBPD_PORT0_PDO_SNK_FIXED_SET_VOLTAGE_3=20000
USBPD.USBPD_PORT0_PDO_SNK_NB=4
VP_FREERTOS_VS_CMSIS_V1.Mode=CMSIS_V1
VP_FREERTOS_VS_CMSIS_V1.Signal=FREERTOS_VS_CMSIS_V1
VP_SYS_VS_DBSignals.Mode=DisableDeadBatterySignals
VP_SYS_VS_DBSignals.Signal=SYS_VS_DBSignals
VP_SYS_VS_Systick.Mode=SysTick
VP_SYS_VS_Systick.Signal=SYS_VS_Systick
VP_USBPD_VS_PD3CFG1.Mode=PD3_Config1
VP_USBPD_VS_PD3CFG1.Signal=USBPD_VS_PD3CFG1
VP_USBPD_VS_USBPD1.Mode=USBPD_P0
VP_USBPD_VS_USBPD1.Signal=USBPD_VS_USBPD1
VP_USBPD_VS_usbpd_tim1.Mode=TIM1
VP_USBPD_VS_usbpd_tim1.Signal=USBPD_VS_usbpd_tim1
board=custom
rtos.0.ip=FREERTOS
